// !$*UTF8*$!
{
	archiveVersion = 1;
	classes = {
	};
	objectVersion = 50;
	objects = {

/* Begin PBXBuildFile section */
		D15D964B25D2F94900A2B04D /* AppDelegate.swift in Sources */ = {isa = PBXBuildFile; fileRef = D15D964A25D2F94900A2B04D /* AppDelegate.swift */; };
		D15D964D25D2F94900A2B04D /* SceneDelegate.swift in Sources */ = {isa = PBXBuildFile; fileRef = D15D964C25D2F94900A2B04D /* SceneDelegate.swift */; };
		D15D964F25D2F94900A2B04D /* ContentView.swift in Sources */ = {isa = PBXBuildFile; fileRef = D15D964E25D2F94900A2B04D /* ContentView.swift */; };
		D15D965125D2F94E00A2B04D /* Assets.xcassets in Resources */ = {isa = PBXBuildFile; fileRef = D15D965025D2F94E00A2B04D /* Assets.xcassets */; };
		D15D965425D2F94E00A2B04D /* Preview Assets.xcassets in Resources */ = {isa = PBXBuildFile; fileRef = D15D965325D2F94E00A2B04D /* Preview Assets.xcassets */; };
		D15D965725D2F94E00A2B04D /* LaunchScreen.storyboard in Resources */ = {isa = PBXBuildFile; fileRef = D15D965525D2F94E00A2B04D /* LaunchScreen.storyboard */; };
/* End PBXBuildFile section */

/* Begin PBXFileReference section */
		D15D964725D2F94900A2B04D /* ArseniCard.app */ = {isa = PBXFileReference; explicitFileType = wrapper.application; includeInIndex = 0; path = ArseniCard.app; sourceTree = BUILT_PRODUCTS_DIR; };
		D15D964A25D2F94900A2B04D /* AppDelegate.swift */ = {isa = PBXFileReference; lastKnownFileType = sourcecode.swift; path = AppDelegate.swift; sourceTree = "<group>"; };
		D15D964C25D2F94900A2B04D /* SceneDelegate.swift */ = {isa = PBXFileReference; lastKnownFileType = sourcecode.swift; path = SceneDelegate.swift; sourceTree = "<group>"; };
		D15D964E25D2F94900A2B04D /* ContentView.swift */ = {isa = PBXFileReference; lastKnownFileType = sourcecode.swift; path = ContentView.swift; sourceTree = "<group>"; };
		D15D965025D2F94E00A2B04D /* Assets.xcassets */ = {isa = PBXFileReference; lastKnownFileType = folder.assetcatalog; path = Assets.xcassets; sourceTree = "<group>"; };
		D15D965325D2F94E00A2B04D /* Preview Assets.xcassets */ = {isa = PBXFileReference; lastKnownFileType = folder.assetcatalog; path = "Preview Assets.xcassets"; sourceTree = "<group>"; };
		D15D965625D2F94E00A2B04D /* Base */ = {isa = PBXFileReference; lastKnownFileType = file.storyboard; name = Base; path = Base.lproj/LaunchScreen.storyboard; sourceTree = "<group>"; };
		D15D965825D2F94E00A2B04D /* Info.plist */ = {isa = PBXFileReference; lastKnownFileType = text.plist.xml; path = Info.plist; sourceTree = "<group>"; };
/* End PBXFileReference section */

/* Begin PBXFrameworksBuildPhase section */
		D15D964425D2F94900A2B04D /* Frameworks */ = {
			isa = PBXFrameworksBuildPhase;
			buildActionMask = 2147483647;
			files = (
			);
			runOnlyForDeploymentPostprocessing = 0;
		};
/* End PBXFrameworksBuildPhase section */

/* Begin PBXGroup section */
		D15D963E25D2F94900A2B04D = {
			isa = PBXGroup;
			children = (
				D15D964925D2F94900A2B04D /* ArseniCard */,
				D15D964825D2F94900A2B04D /* Products */,
			);
			sourceTree = "<group>";
		};
		D15D964825D2F94900A2B04D /* Products */ = {
			isa = PBXGroup;
			children = (
				D15D964725D2F94900A2B04D /* ArseniCard.app */,
			);
			name = Products;
			sourceTree = "<group>";
		};
		D15D964925D2F94900A2B04D /* ArseniCard */ = {
			isa = PBXGroup;
			children = (
				D15D964A25D2F94900A2B04D /* AppDelegate.swift */,
				D15D964C25D2F94900A2B04D /* SceneDelegate.swift */,
				D15D964E25D2F94900A2B04D /* ContentView.swift */,
				D15D965025D2F94E00A2B04D /* Assets.xcassets */,
				D15D965525D2F94E00A2B04D /* LaunchScreen.storyboard */,
				D15D965825D2F94E00A2B04D /* Info.plist */,
				D15D965225D2F94E00A2B04D /* Preview Content */,
			);
			path = ArseniCard;
			sourceTree = "<group>";
		};
		D15D965225D2F94E00A2B04D /* Preview Content */ = {
			isa = PBXGroup;
			children = (
				D15D965325D2F94E00A2B04D /* Preview Assets.xcassets */,
			);
			path = "Preview Content";
			sourceTree = "<group>";
		};
/* End PBXGroup section */

/* Begin PBXNativeTarget section */
		D15D964625D2F94900A2B04D /* ArseniCard */ = {
			isa = PBXNativeTarget;
			buildConfigurationList = D15D965B25D2F94E00A2B04D /* Build configuration list for PBXNativeTarget "ArseniCard" */;
			buildPhases = (
				D15D964325D2F94900A2B04D /* Sources */,
				D15D964425D2F94900A2B04D /* Frameworks */,
				D15D964525D2F94900A2B04D /* Resources */,
			);
			buildRules = (
			);
			dependencies = (
			);
			name = ArseniCard;
			productName = ArseniCard;
			productReference = D15D964725D2F94900A2B04D /* ArseniCard.app */;
			productType = "com.apple.product-type.application";
		};
/* End PBXNativeTarget section */

/* Begin PBXProject section */
		D15D963F25D2F94900A2B04D /* Project object */ = {
			isa = PBXProject;
			attributes = {
				LastSwiftUpdateCheck = 1150;
				LastUpgradeCheck = 1150;
				ORGANIZATIONNAME = Arseni;
				TargetAttributes = {
					D15D964625D2F94900A2B04D = {
						CreatedOnToolsVersion = 11.5;
					};
				};
			};
			buildConfigurationList = D15D964225D2F94900A2B04D /* Build configuration list for PBXProject "ArseniCard" */;
			compatibilityVersion = "Xcode 9.3";
			developmentRegion = en;
			hasScannedForEncodings = 0;
			knownRegions = (
				en,
				Base,
			);
			mainGroup = D15D963E25D2F94900A2B04D;
			productRefGroup = D15D964825D2F94900A2B04D /* Products */;
			projectDirPath = "";
			projectRoot = "";
			targets = (
				D15D964625D2F94900A2B04D /* ArseniCard */,
			);
		};
/* End PBXProject section */

/* Begin PBXResourcesBuildPhase section */
		D15D964525D2F94900A2B04D /* Resources */ = {
			isa = PBXResourcesBuildPhase;
			buildActionMask = 2147483647;
			files = (
				D15D965725D2F94E00A2B04D /* LaunchScreen.storyboard in Resources */,
				D15D965425D2F94E00A2B04D /* Preview Assets.xcassets in Resources */,
				D15D965125D2F94E00A2B04D /* Assets.xcassets in Resources */,
			);
			runOnlyForDeploymentPostprocessing = 0;
		};
/* End PBXResourcesBuildPhase section */

/* Begin PBXSourcesBuildPhase section */
		D15D964325D2F94900A2B04D /* Sources */ = {
			isa = PBXSourcesBuildPhase;
			buildActionMask = 2147483647;
			files = (
				D15D964B25D2F94900A2B04D /* AppDelegate.swift in Sources */,
				D15D964D25D2F94900A2B04D /* SceneDelegate.swift in Sources */,
				D15D964F25D2F94900A2B04D /* ContentView.swift in Sources */,
			);
			runOnlyForDeploymentPostprocessing = 0;
		};
/* End PBXSourcesBuildPhase section */

/* Begin PBXVariantGroup section */
		D15D965525D2F94E00A2B04D /* LaunchScreen.storyboard */ = {
			isa = PBXVariantGroup;
			children = (
				D15D965625D2F94E00A2B04D /* Base */,
			);
			name = LaunchScreen.storyboard;
			sourceTree = "<group>";
		};
/* End PBXVariantGroup section */

/* Begin XCBuildConfiguration section */
		D15D965925D2F94E00A2B04D /* Debug */ = {
			isa = XCBuildConfiguration;
			buildSettings = {
				ALWAYS_SEARCH_USER_PATHS = NO;
				CLANG_ANALYZER_NONNULL = YES;
				CLANG_ANALYZER_NUMBER_OBJECT_CONVERSION = YES_AGGRESSIVE;
				CLANG_CXX_LANGUAGE_STANDARD = "gnu++14";
				CLANG_CXX_LIBRARY = "libc++";
				CLANG_ENABLE_MODULES = YES;
				CLANG_ENABLE_OBJC_ARC = YES;
				CLANG_ENABLE_OBJC_WEAK = YES;
				CLANG_WARN_BLOCK_CAPTURE_AUTORELEASING = YES;
				CLANG_WARN_BOOL_CONVERSION = YES;
				CLANG_WARN_COMMA = YES;
				CLANG_WARN_CONSTANT_CONVERSION = YES;
				CLANG_WARN_DEPRECATED_OBJC_IMPLEMENTATIONS = YES;
				CLANG_WARN_DIRECT_OBJC_ISA_USAGE = YES_ERROR;
				CLANG_WARN_DOCUMENTATION_COMMENTS = YES;
				CLANG_WARN_EMPTY_BODY = YES;
				CLANG_WARN_ENUM_CONVERSION = YES;
				CLANG_WARN_INFINITE_RECURSION = YES;
				CLANG_WARN_INT_CONVERSION = YES;
				CLANG_WARN_NON_LITERAL_NULL_CONVERSION = YES;
				CLANG_WARN_OBJC_IMPLICIT_RETAIN_SELF = YES;
				CLANG_WARN_OBJC_LITERAL_CONVERSION = YES;
				CLANG_WARN_OBJC_ROOT_CLASS = YES_ERROR;
				CLANG_WARN_RANGE_LOOP_ANALYSIS = YES;
				CLANG_WARN_STRICT_PROTOTYPES = YES;
				CLANG_WARN_SUSPICIOUS_MOVE = YES;
				CLANG_WARN_UNGUARDED_AVAILABILITY = YES_AGGRESSIVE;
				CLANG_WARN_UNREACHABLE_CODE = YES;
				CLANG_WARN__DUPLICATE_METHOD_MATCH = YES;
				COPY_PHASE_STRIP = NO;
				DEBUG_INFORMATION_FORMAT = dwarf;
				ENABLE_STRICT_OBJC_MSGSEND = YES;
				ENABLE_TESTABILITY = YES;
				GCC_C_LANGUAGE_STANDARD = gnu11;
				GCC_DYNAMIC_NO_PIC = NO;
				GCC_NO_COMMON_BLOCKS = YES;
				GCC_OPTIMIZATION_LEVEL = 0;
				GCC_PREPROCESSOR_DEFINITIONS = (
					"DEBUG=1",
					"$(inherited)",
				);
				GCC_WARN_64_TO_32_BIT_CONVERSION = YES;
				GCC_WARN_ABOUT_RETURN_TYPE = YES_ERROR;
				GCC_WARN_UNDECLARED_SELECTOR = YES;
				GCC_WARN_UNINITIALIZED_AUTOS = YES_AGGRESSIVE;
				GCC_WARN_UNUSED_FUNCTION = YES;
				GCC_WARN_UNUSED_VARIABLE = YES;
				IPHONEOS_DEPLOYMENT_TARGET = 13.5;
				MTL_ENABLE_DEBUG_INFO = INCLUDE_SOURCE;
				MTL_FAST_MATH = YES;
				ONLY_ACTIVE_ARCH = YES;
				SDKROOT = iphoneos;
				SWIFT_ACTIVE_COMPILATION_CONDITIONS = DEBUG;
				SWIFT_OPTIMIZATION_LEVEL = "-Onone";
			};
			name = Debug;
		};
		D15D965A25D2F94E00A2B04D /* Release */ = {
			isa = XCBuildConfiguration;
			buildSettings = {
				ALWAYS_SEARCH_USER_PATHS = NO;
				CLANG_ANALYZER_NONNULL = YES;
				CLANG_ANALYZER_NUMBER_OBJECT_CONVERSION = YES_AGGRESSIVE;
				CLANG_CXX_LANGUAGE_STANDARD = "gnu++14";
				CLANG_CXX_LIBRARY = "libc++";
				CLANG_ENABLE_MODULES = YES;
				CLANG_ENABLE_OBJC_ARC = YES;
				CLANG_ENABLE_OBJC_WEAK = YES;
				CLANG_WARN_BLOCK_CAPTURE_AUTORELEASING = YES;
				CLANG_WARN_BOOL_CONVERSION = YES;
				CLANG_WARN_COMMA = YES;
				CLANG_WARN_CONSTANT_CONVERSION = YES;
				CLANG_WARN_DEPRECATED_OBJC_IMPLEMENTATIONS = YES;
				CLANG_WARN_DIRECT_OBJC_ISA_USAGE = YES_ERROR;
				CLANG_WARN_DOCUMENTATION_COMMENTS = YES;
				CLANG_WARN_EMPTY_BODY = YES;
				CLANG_WARN_ENUM_CONVERSION = YES;
				CLANG_WARN_INFINITE_RECURSION = YES;
				CLANG_WARN_INT_CONVERSION = YES;
				CLANG_WARN_NON_LITERAL_NULL_CONVERSION = YES;
				CLANG_WARN_OBJC_IMPLICIT_RETAIN_SELF = YES;
				CLANG_WARN_OBJC_LITERAL_CONVERSION = YES;
				CLANG_WARN_OBJC_ROOT_CLASS = YES_ERROR;
				CLANG_WARN_RANGE_LOOP_ANALYSIS = YES;
				CLANG_WARN_STRICT_PROTOTYPES = YES;
				CLANG_WARN_SUSPICIOUS_MOVE = YES;
				CLANG_WARN_UNGUARDED_AVAILABILITY = YES_AGGRESSIVE;
				CLANG_WARN_UNREACHABLE_CODE = YES;
				CLANG_WARN__DUPLICATE_METHOD_MATCH = YES;
				COPY_PHASE_STRIP = NO;
				DEBUG_INFORMATION_FORMAT = "dwarf-with-dsym";
				ENABLE_NS_ASSERTIONS = NO;
				ENABLE_STRICT_OBJC_MSGSEND = YES;
				GCC_C_LANGUAGE_STANDARD = gnu11;
				GCC_NO_COMMON_BLOCKS = YES;
				GCC_WARN_64_TO_32_BIT_CONVERSION = YES;
				GCC_WARN_ABOUT_RETURN_TYPE = YES_ERROR;
				GCC_WARN_UNDECLARED_SELECTOR = YES;
				GCC_WARN_UNINITIALIZED_AUTOS = YES_AGGRESSIVE;
				GCC_WARN_UNUSED_FUNCTION = YES;
				GCC_WARN_UNUSED_VARIABLE = YES;
				IPHONEOS_DEPLOYMENT_TARGET = 13.5;
				MTL_ENABLE_DEBUG_INFO = NO;
				MTL_FAST_MATH = YES;
				SDKROOT = iphoneos;
				SWIFT_COMPILATION_MODE = wholemodule;
				SWIFT_OPTIMIZATION_LEVEL = "-O";
				VALIDATE_PRODUCT = YES;
			};
			name = Release;
		};
		D15D965C25D2F94E00A2B04D /* Debug */ = {
			isa = XCBuildConfiguration;
			buildSettings = {
				ASSETCATALOG_COMPILER_APPICON_NAME = AppIcon;
				CODE_SIGN_STYLE = Automatic;
				DEVELOPMENT_ASSET_PATHS = "\"ArseniCard/Preview Content\"";
				ENABLE_PREVIEWS = YES;
				INFOPLIST_FILE = ArseniCard/Info.plist;
				LD_RUNPATH_SEARCH_PATHS = (
					"$(inherited)",
					"@executable_path/Frameworks",
				);
				PRODUCT_BUNDLE_IDENTIFIER = com.arsenilaputska.ArseniCard;
				PRODUCT_NAME = "$(TARGET_NAME)";
				SWIFT_VERSION = 5.0;
				TARGETED_DEVICE_FAMILY = "1,2";
			};
			name = Debug;
		};
		D15D965D25D2F94E00A2B04D /* Release */ = {
			isa = XCBuildConfiguration;
			buildSettings = {
				ASSETCATALOG_COMPILER_APPICON_NAME = AppIcon;
				CODE_SIGN_STYLE = Automatic;
				DEVELOPMENT_ASSET_PATHS = "\"ArseniCard/Preview Content\"";
				ENABLE_PREVIEWS = YES;
				INFOPLIST_FILE = ArseniCard/Info.plist;
				LD_RUNPATH_SEARCH_PATHS = (
					"$(inherited)",
					"@executable_path/Frameworks",
				);
				PRODUCT_BUNDLE_IDENTIFIER = com.arsenilaputska.ArseniCard;
				PRODUCT_NAME = "$(TARGET_NAME)";
				SWIFT_VERSION = 5.0;
				TARGETED_DEVICE_FAMILY = "1,2";
			};
			name = Release;
		};
/* End XCBuildConfiguration section */

/* Begin XCConfigurationList section */
		D15D964225D2F94900A2B04D /* Build configuration list for PBXProject "ArseniCard" */ = {
			isa = XCConfigurationList;
			buildConfigurations = (
				D15D965925D2F94E00A2B04D /* Debug */,
				D15D965A25D2F94E00A2B04D /* Release */,
			);
			defaultConfigurationIsVisible = 0;
			defaultConfigurationName = Release;
		};
		D15D965B25D2F94E00A2B04D /* Build configuration list for PBXNativeTarget "ArseniCard" */ = {
			isa = XCConfigurationList;
			buildConfigurations = (
				D15D965C25D2F94E00A2B04D /* Debug */,
				D15D965D25D2F94E00A2B04D /* Release */,
			);
			defaultConfigurationIsVisible = 0;
			defaultConfigurationName = Release;
		};
/* End XCConfigurationList section */
	};
	rootObject = D15D963F25D2F94900A2B04D /* Project object */;
}
